
Microsoft Visual Studio Solution File, Format Version 12.00
# Visual Studio Version 17
VisualStudioVersion = 17.9.34701.34
MinimumVisualStudioVersion = 10.0.40219.1
Project("{9A19103F-16F7-4668-BE54-9A1E7A4F7556}") = "BaseApi.Presentation", "BaseApi.Presentation\BaseApi.Presentation.csproj", "{0184010F-4B0E-4E82-A3E5-814ED2E98158}"
EndProject
Project("{FAE04EC0-301F-11D3-BF4B-00C04F79EFBC}") = "BaseApi.Core", "BaseApi.Core\BaseApi.Core.csproj", "{AFE0C8AC-2C9D-490E-9705-F6FD5D25713E}"
EndProject
Global
	GlobalSection(SolutionConfigurationPlatforms) = preSolution
		Debug|Any CPU = Debug|Any CPU
		Release|Any CPU = Release|Any CPU
	EndGlobalSection
	GlobalSection(ProjectConfigurationPlatforms) = postSolution
		{0184010F-4B0E-4E82-A3E5-814ED2E98158}.Debug|Any CPU.ActiveCfg = Debug|Any CPU
		{0184010F-4B0E-4E82-A3E5-814ED2E98158}.Debug|Any CPU.Build.0 = Debug|Any CPU
		{0184010F-4B0E-4E82-A3E5-814ED2E98158}.Release|Any CPU.ActiveCfg = Release|Any CPU
		{0184010F-4B0E-4E82-A3E5-814ED2E98158}.Release|Any CPU.Build.0 = Release|Any CPU
		{AFE0C8AC-2C9D-490E-9705-F6FD5D25713E}.Debug|Any CPU.ActiveCfg = Debug|Any CPU
		{AFE0C8AC-2C9D-490E-9705-F6FD5D25713E}.Debug|Any CPU.Build.0 = Debug|Any CPU
		{AFE0C8AC-2C9D-490E-9705-F6FD5D25713E}.Release|Any CPU.ActiveCfg = Release|Any CPU
		{AFE0C8AC-2C9D-490E-9705-F6FD5D25713E}.Release|Any CPU.Build.0 = Release|Any CPU
	EndGlobalSection
	GlobalSection(SolutionProperties) = preSolution
		HideSolutionNode = FALSE
	EndGlobalSection
	GlobalSection(ExtensibilityGlobals) = postSolution
		SolutionGuid = {0E89EA65-C3DF-42B7-BF00-D0465BA178E3}
	EndGlobalSection
EndGlobal
